
Microsoft Visual Studio Solution File, Format Version 12.00
# Visual Studio 15
VisualStudioVersion = 15.0.27703.2035
MinimumVisualStudioVersion = 10.0.40219.1
Project("{FAE04EC0-301F-11D3-BF4B-00C04F79EFBC}") = "Practicas", "Practicas\Practicas.csproj", "{22B76C2F-7159-4C6A-8278-FAFC3F616509}"
EndProject
Global
	GlobalSection(SolutionConfigurationPlatforms) = preSolution
		Debug|Any CPU = Debug|Any CPU
		Release|Any CPU = Release|Any CPU
	EndGlobalSection
	GlobalSection(ProjectConfigurationPlatforms) = postSolution
		{22B76C2F-7159-4C6A-8278-FAFC3F616509}.Debug|Any CPU.ActiveCfg = Debug|Any CPU
		{22B76C2F-7159-4C6A-8278-FAFC3F616509}.Debug|Any CPU.Build.0 = Debug|Any CPU
		{22B76C2F-7159-4C6A-8278-FAFC3F616509}.Release|Any CPU.ActiveCfg = Release|Any CPU
		{22B76C2F-7159-4C6A-8278-FAFC3F616509}.Release|Any CPU.Build.0 = Release|Any CPU
	EndGlobalSection
	GlobalSection(SolutionProperties) = preSolution
		HideSolutionNode = FALSE
	EndGlobalSection
	GlobalSection(ExtensibilityGlobals) = postSolution
		SolutionGuid = {5B6B05E8-78ED-4AF8-A9D3-6C1D96274FCB}
	EndGlobalSection
EndGlobal
